# This file is autogenerated, do not edit; changes may be undone by the next 'dep ensure'.


[[projects]]
  branch = "master"
  name = "github.com/hashicorp/logutils"
  packages = ["."]
  revision = "0dc08b1671f34c4250ce212759ebd880f743d883"

[[projects]]
  name = "github.com/pact-foundation/pact-go"
  packages = [
    "dsl",
    "types",
    "utils"
  ]
  revision = "35dc3023bd4df1520d893268fc8e8d84e745b2d6"
  version = "v0.0.12"

[solve-meta]
  analyzer-name = "dep"
  analyzer-version = 1
  inputs-digest = "3cfdb824d50a7519f75ed9bb5bfaf914439a18a698718fba511b48ae400a3aa3"
  solver-name = "gps-cdcl"
  solver-version = 1
